
Microsoft Visual Studio Solution File, Format Version 12.00
# Visual Studio Version 17
VisualStudioVersion = 17.0.32112.339
MinimumVisualStudioVersion = 10.0.40219.1
Project("{FAE04EC0-301F-11D3-BF4B-00C04F79EFBC}") = "Class", "Class.csproj", "{BAE954E5-735E-48A1-BA7E-5A0FC35DC204}"
EndProject
Global
	GlobalSection(SolutionConfigurationPlatforms) = preSolution
		Debug|Any CPU = Debug|Any CPU
		Release|Any CPU = Release|Any CPU
	EndGlobalSection
	GlobalSection(ProjectConfigurationPlatforms) = postSolution
		{BAE954E5-735E-48A1-BA7E-5A0FC35DC204}.Debug|Any CPU.ActiveCfg = Debug|Any CPU
		{BAE954E5-735E-48A1-BA7E-5A0FC35DC204}.Debug|Any CPU.Build.0 = Debug|Any CPU
		{BAE954E5-735E-48A1-BA7E-5A0FC35DC204}.Release|Any CPU.ActiveCfg = Release|Any CPU
		{BAE954E5-735E-48A1-BA7E-5A0FC35DC204}.Release|Any CPU.Build.0 = Release|Any CPU
	EndGlobalSection
	GlobalSection(SolutionProperties) = preSolution
		HideSolutionNode = FALSE
	EndGlobalSection
	GlobalSection(ExtensibilityGlobals) = postSolution
		SolutionGuid = {4FA249B6-0954-4F1D-AFAE-28BFF0C681C8}
	EndGlobalSection
EndGlobal
